// !$*UTF8*$!
{
	archiveVersion = 1;
	classes = {
	};
	objectVersion = 46;
	objects = {

/* Begin PBXBuildFile section */
		2C26ED061D9227F2005EA2BD /* AppDelegate.swift in Sources */ = {isa = PBXBuildFile; fileRef = 2C26ED051D9227F2005EA2BD /* AppDelegate.swift */; };
		2C26ED081D9227F2005EA2BD /* ViewController.swift in Sources */ = {isa = PBXBuildFile; fileRef = 2C26ED071D9227F2005EA2BD /* ViewController.swift */; };
		2C26ED0B1D9227F2005EA2BD /* Main.storyboard in Resources */ = {isa = PBXBuildFile; fileRef = 2C26ED091D9227F2005EA2BD /* Main.storyboard */; };
		2C26ED0D1D9227F2005EA2BD /* Assets.xcassets in Resources */ = {isa = PBXBuildFile; fileRef = 2C26ED0C1D9227F2005EA2BD /* Assets.xcassets */; };
		2C26ED101D9227F2005EA2BD /* LaunchScreen.storyboard in Resources */ = {isa = PBXBuildFile; fileRef = 2C26ED0E1D9227F2005EA2BD /* LaunchScreen.storyboard */; };
		2C26ED3A1D927FB8005EA2BD /* LYCLocalization.swift in Sources */ = {isa = PBXBuildFile; fileRef = 2C26ED331D927FB8005EA2BD /* LYCLocalization.swift */; };
		2C26ED3B1D927FB8005EA2BD /* Localizable.strings in Resources */ = {isa = PBXBuildFile; fileRef = 2C26ED351D927FB8005EA2BD /* Localizable.strings */; };
/* End PBXBuildFile section */

/* Begin PBXFileReference section */
		2C26ED021D9227F2005EA2BD /* LYCLocalization.app */ = {isa = PBXFileReference; explicitFileType = wrapper.application; includeInIndex = 0; path = LYCLocalization.app; sourceTree = BUILT_PRODUCTS_DIR; };
		2C26ED051D9227F2005EA2BD /* AppDelegate.swift */ = {isa = PBXFileReference; lastKnownFileType = sourcecode.swift; path = AppDelegate.swift; sourceTree = "<group>"; };
		2C26ED071D9227F2005EA2BD /* ViewController.swift */ = {isa = PBXFileReference; lastKnownFileType = sourcecode.swift; path = ViewController.swift; sourceTree = "<group>"; };
		2C26ED0A1D9227F2005EA2BD /* Base */ = {isa = PBXFileReference; lastKnownFileType = file.storyboard; name = Base; path = Base.lproj/Main.storyboard; sourceTree = "<group>"; };
		2C26ED0C1D9227F2005EA2BD /* Assets.xcassets */ = {isa = PBXFileReference; lastKnownFileType = folder.assetcatalog; path = Assets.xcassets; sourceTree = "<group>"; };
		2C26ED0F1D9227F2005EA2BD /* Base */ = {isa = PBXFileReference; lastKnownFileType = file.storyboard; name = Base; path = Base.lproj/LaunchScreen.storyboard; sourceTree = "<group>"; };
		2C26ED111D9227F2005EA2BD /* Info.plist */ = {isa = PBXFileReference; lastKnownFileType = text.plist.xml; path = Info.plist; sourceTree = "<group>"; };
		2C26ED331D927FB8005EA2BD /* LYCLocalization.swift */ = {isa = PBXFileReference; fileEncoding = 4; lastKnownFileType = sourcecode.swift; path = LYCLocalization.swift; sourceTree = "<group>"; };
		2C26ED361D927FB8005EA2BD /* en */ = {isa = PBXFileReference; lastKnownFileType = text.plist.strings; name = en; path = en.lproj/Localizable.strings; sourceTree = "<group>"; };
		2C26ED371D927FB8005EA2BD /* zh-Hans */ = {isa = PBXFileReference; lastKnownFileType = text.plist.strings; name = "zh-Hans"; path = "zh-Hans.lproj/Localizable.strings"; sourceTree = "<group>"; };
/* End PBXFileReference section */

/* Begin PBXFrameworksBuildPhase section */
		2C26ECFF1D9227F2005EA2BD /* Frameworks */ = {
			isa = PBXFrameworksBuildPhase;
			buildActionMask = 2147483647;
			files = (
			);
			runOnlyForDeploymentPostprocessing = 0;
		};
/* End PBXFrameworksBuildPhase section */

/* Begin PBXGroup section */
		2C26ECF91D9227F2005EA2BD = {
			isa = PBXGroup;
			children = (
				2C26ED041D9227F2005EA2BD /* LYCLocalization */,
				2C26ED031D9227F2005EA2BD /* Products */,
			);
			sourceTree = "<group>";
		};
		2C26ED031D9227F2005EA2BD /* Products */ = {
			isa = PBXGroup;
			children = (
				2C26ED021D9227F2005EA2BD /* LYCLocalization.app */,
			);
			name = Products;
			sourceTree = "<group>";
		};
		2C26ED041D9227F2005EA2BD /* LYCLocalization */ = {
			isa = PBXGroup;
			children = (
				2C26ED2D1D927FB8005EA2BD /* Classes */,
				2C26ED341D927FB8005EA2BD /* Locale */,
				2C26ED051D9227F2005EA2BD /* AppDelegate.swift */,
				2C26ED071D9227F2005EA2BD /* ViewController.swift */,
				2C26ED091D9227F2005EA2BD /* Main.storyboard */,
				2C26ED0C1D9227F2005EA2BD /* Assets.xcassets */,
				2C26ED0E1D9227F2005EA2BD /* LaunchScreen.storyboard */,
				2C26ED111D9227F2005EA2BD /* Info.plist */,
			);
			path = LYCLocalization;
			sourceTree = "<group>";
		};
		2C26ED2D1D927FB8005EA2BD /* Classes */ = {
			isa = PBXGroup;
			children = (
				2C26ED331D927FB8005EA2BD /* LYCLocalization.swift */,
			);
			path = Classes;
			sourceTree = "<group>";
		};
		2C26ED341D927FB8005EA2BD /* Locale */ = {
			isa = PBXGroup;
			children = (
				2C26ED351D927FB8005EA2BD /* Localizable.strings */,
			);
			path = Locale;
			sourceTree = "<group>";
		};
/* End PBXGroup section */

/* Begin PBXNativeTarget section */
		2C26ED011D9227F2005EA2BD /* LYCLocalization */ = {
			isa = PBXNativeTarget;
			buildConfigurationList = 2C26ED141D9227F2005EA2BD /* Build configuration list for PBXNativeTarget "LYCLocalization" */;
			buildPhases = (
				2C26ECFE1D9227F2005EA2BD /* Sources */,
				2C26ECFF1D9227F2005EA2BD /* Frameworks */,
				2C26ED001D9227F2005EA2BD /* Resources */,
			);
			buildRules = (
			);
			dependencies = (
			);
			name = LYCLocalization;
			productName = LYCLocalization;
			productReference = 2C26ED021D9227F2005EA2BD /* LYCLocalization.app */;
			productType = "com.apple.product-type.application";
		};
/* End PBXNativeTarget section */

/* Begin PBXProject section */
		2C26ECFA1D9227F2005EA2BD /* Project object */ = {
			isa = PBXProject;
			attributes = {
				LastSwiftUpdateCheck = 0800;
				LastUpgradeCheck = 0800;
				ORGANIZATIONNAME = "Yuchen Liang";
				TargetAttributes = {
					2C26ED011D9227F2005EA2BD = {
						CreatedOnToolsVersion = 8.0;
						ProvisioningStyle = Automatic;
					};
				};
			};
			buildConfigurationList = 2C26ECFD1D9227F2005EA2BD /* Build configuration list for PBXProject "LYCLocalization" */;
			compatibilityVersion = "Xcode 3.2";
			developmentRegion = English;
			hasScannedForEncodings = 0;
			knownRegions = (
				en,
				Base,
				"zh-Hans",
			);
			mainGroup = 2C26ECF91D9227F2005EA2BD;
			productRefGroup = 2C26ED031D9227F2005EA2BD /* Products */;
			projectDirPath = "";
			projectRoot = "";
			targets = (
				2C26ED011D9227F2005EA2BD /* LYCLocalization */,
			);
		};
/* End PBXProject section */

/* Begin PBXResourcesBuildPhase section */
		2C26ED001D9227F2005EA2BD /* Resources */ = {
			isa = PBXResourcesBuildPhase;
			buildActionMask = 2147483647;
			files = (
				2C26ED3B1D927FB8005EA2BD /* Localizable.strings in Resources */,
				2C26ED101D9227F2005EA2BD /* LaunchScreen.storyboard in Resources */,
				2C26ED0D1D9227F2005EA2BD /* Assets.xcassets in Resources */,
				2C26ED0B1D9227F2005EA2BD /* Main.storyboard in Resources */,
			);
			runOnlyForDeploymentPostprocessing = 0;
		};
/* End PBXResourcesBuildPhase section */

/* Begin PBXSourcesBuildPhase section */
		2C26ECFE1D9227F2005EA2BD /* Sources */ = {
			isa = PBXSourcesBuildPhase;
			buildActionMask = 2147483647;
			files = (
				2C26ED3A1D927FB8005EA2BD /* LYCLocalization.swift in Sources */,
				2C26ED081D9227F2005EA2BD /* ViewController.swift in Sources */,
				2C26ED061D9227F2005EA2BD /* AppDelegate.swift in Sources */,
			);
			runOnlyForDeploymentPostprocessing = 0;
		};
/* End PBXSourcesBuildPhase section */

/* Begin PBXVariantGroup section */
		2C26ED091D9227F2005EA2BD /* Main.storyboard */ = {
			isa = PBXVariantGroup;
			children = (
				2C26ED0A1D9227F2005EA2BD /* Base */,
			);
			name = Main.storyboard;
			sourceTree = "<group>";
		};
		2C26ED0E1D9227F2005EA2BD /* LaunchScreen.storyboard */ = {
			isa = PBXVariantGroup;
			children = (
				2C26ED0F1D9227F2005EA2BD /* Base */,
			);
			name = LaunchScreen.storyboard;
			sourceTree = "<group>";
		};
		2C26ED351D927FB8005EA2BD /* Localizable.strings */ = {
			isa = PBXVariantGroup;
			children = (
				2C26ED361D927FB8005EA2BD /* en */,
				2C26ED371D927FB8005EA2BD /* zh-Hans */,
			);
			name = Localizable.strings;
			sourceTree = "<group>";
		};
/* End PBXVariantGroup section */

/* Begin XCBuildConfiguration section */
		2C26ED121D9227F2005EA2BD /* Debug */ = {
			isa = XCBuildConfiguration;
			buildSettings = {
				ALWAYS_SEARCH_USER_PATHS = NO;
				CLANG_ANALYZER_NONNULL = YES;
				CLANG_CXX_LANGUAGE_STANDARD = "gnu++0x";
				CLANG_CXX_LIBRARY = "libc++";
				CLANG_ENABLE_MODULES = YES;
				CLANG_ENABLE_OBJC_ARC = YES;
				CLANG_WARN_BOOL_CONVERSION = YES;
				CLANG_WARN_CONSTANT_CONVERSION = YES;
				CLANG_WARN_DIRECT_OBJC_ISA_USAGE = YES_ERROR;
				CLANG_WARN_DOCUMENTATION_COMMENTS = YES;
				CLANG_WARN_EMPTY_BODY = YES;
				CLANG_WARN_ENUM_CONVERSION = YES;
				CLANG_WARN_INFINITE_RECURSION = YES;
				CLANG_WARN_INT_CONVERSION = YES;
				CLANG_WARN_OBJC_ROOT_CLASS = YES_ERROR;
				CLANG_WARN_SUSPICIOUS_MOVES = YES;
				CLANG_WARN_UNREACHABLE_CODE = YES;
				CLANG_WARN__DUPLICATE_METHOD_MATCH = YES;
				"CODE_SIGN_IDENTITY[sdk=iphoneos*]" = "iPhone Developer";
				COPY_PHASE_STRIP = NO;
				DEBUG_INFORMATION_FORMAT = dwarf;
				ENABLE_STRICT_OBJC_MSGSEND = YES;
				ENABLE_TESTABILITY = YES;
				GCC_C_LANGUAGE_STANDARD = gnu99;
				GCC_DYNAMIC_NO_PIC = NO;
				GCC_NO_COMMON_BLOCKS = YES;
				GCC_OPTIMIZATION_LEVEL = 0;
				GCC_PREPROCESSOR_DEFINITIONS = (
					"DEBUG=1",
					"$(inherited)",
				);
				GCC_WARN_64_TO_32_BIT_CONVERSION = YES;
				GCC_WARN_ABOUT_RETURN_TYPE = YES_ERROR;
				GCC_WARN_UNDECLARED_SELECTOR = YES;
				GCC_WARN_UNINITIALIZED_AUTOS = YES_AGGRESSIVE;
				GCC_WARN_UNUSED_FUNCTION = YES;
				GCC_WARN_UNUSED_VARIABLE = YES;
				IPHONEOS_DEPLOYMENT_TARGET = 10.0;
				MTL_ENABLE_DEBUG_INFO = YES;
				ONLY_ACTIVE_ARCH = YES;
				SDKROOT = iphoneos;
				SWIFT_ACTIVE_COMPILATION_CONDITIONS = DEBUG;
				SWIFT_OPTIMIZATION_LEVEL = "-Onone";
				TARGETED_DEVICE_FAMILY = "1,2";
			};
			name = Debug;
		};
		2C26ED131D9227F2005EA2BD /* Release */ = {
			isa = XCBuildConfiguration;
			buildSettings = {
				ALWAYS_SEARCH_USER_PATHS = NO;
				CLANG_ANALYZER_NONNULL = YES;
				CLANG_CXX_LANGUAGE_STANDARD = "gnu++0x";
				CLANG_CXX_LIBRARY = "libc++";
				CLANG_ENABLE_MODULES = YES;
				CLANG_ENABLE_OBJC_ARC = YES;
				CLANG_WARN_BOOL_CONVERSION = YES;
				CLANG_WARN_CONSTANT_CONVERSION = YES;
				CLANG_WARN_DIRECT_OBJC_ISA_USAGE = YES_ERROR;
				CLANG_WARN_DOCUMENTATION_COMMENTS = YES;
				CLANG_WARN_EMPTY_BODY = YES;
				CLANG_WARN_ENUM_CONVERSION = YES;
				CLANG_WARN_INFINITE_RECURSION = YES;
				CLANG_WARN_INT_CONVERSION = YES;
				CLANG_WARN_OBJC_ROOT_CLASS = YES_ERROR;
				CLANG_WARN_SUSPICIOUS_MOVES = YES;
				CLANG_WARN_UNREACHABLE_CODE = YES;
				CLANG_WARN__DUPLICATE_METHOD_MATCH = YES;
				"CODE_SIGN_IDENTITY[sdk=iphoneos*]" = "iPhone Developer";
				COPY_PHASE_STRIP = NO;
				DEBUG_INFORMATION_FORMAT = "dwarf-with-dsym";
				ENABLE_NS_ASSERTIONS = NO;
				ENABLE_STRICT_OBJC_MSGSEND = YES;
				GCC_C_LANGUAGE_STANDARD = gnu99;
				GCC_NO_COMMON_BLOCKS = YES;
				GCC_WARN_64_TO_32_BIT_CONVERSION = YES;
				GCC_WARN_ABOUT_RETURN_TYPE = YES_ERROR;
				GCC_WARN_UNDECLARED_SELECTOR = YES;
				GCC_WARN_UNINITIALIZED_AUTOS = YES_AGGRESSIVE;
				GCC_WARN_UNUSED_FUNCTION = YES;
				GCC_WARN_UNUSED_VARIABLE = YES;
				IPHONEOS_DEPLOYMENT_TARGET = 10.0;
				MTL_ENABLE_DEBUG_INFO = NO;
				SDKROOT = iphoneos;
				SWIFT_OPTIMIZATION_LEVEL = "-Owholemodule";
				TARGETED_DEVICE_FAMILY = "1,2";
				VALIDATE_PRODUCT = YES;
			};
			name = Release;
		};
		2C26ED151D9227F2005EA2BD /* Debug */ = {
			isa = XCBuildConfiguration;
			buildSettings = {
				ASSETCATALOG_COMPILER_APPICON_NAME = AppIcon;
				INFOPLIST_FILE = LYCLocalization/Info.plist;
				IPHONEOS_DEPLOYMENT_TARGET = 9.3;
				LD_RUNPATH_SEARCH_PATHS = "$(inherited) @executable_path/Frameworks";
				PRODUCT_BUNDLE_IDENTIFIER = com.lyc.LYCLocalization;
				PRODUCT_NAME = "$(TARGET_NAME)";
				SWIFT_VERSION = 3.0;
			};
			name = Debug;
		};
		2C26ED161D9227F2005EA2BD /* Release */ = {
			isa = XCBuildConfiguration;
			buildSettings = {
				ASSETCATALOG_COMPILER_APPICON_NAME = AppIcon;
				INFOPLIST_FILE = LYCLocalization/Info.plist;
				IPHONEOS_DEPLOYMENT_TARGET = 9.3;
				LD_RUNPATH_SEARCH_PATHS = "$(inherited) @executable_path/Frameworks";
				PRODUCT_BUNDLE_IDENTIFIER = com.lyc.LYCLocalization;
				PRODUCT_NAME = "$(TARGET_NAME)";
				SWIFT_VERSION = 3.0;
			};
			name = Release;
		};
/* End XCBuildConfiguration section */

/* Begin XCConfigurationList section */
		2C26ECFD1D9227F2005EA2BD /* Build configuration list for PBXProject "LYCLocalization" */ = {
			isa = XCConfigurationList;
			buildConfigurations = (
				2C26ED121D9227F2005EA2BD /* Debug */,
				2C26ED131D9227F2005EA2BD /* Release */,
			);
			defaultConfigurationIsVisible = 0;
			defaultConfigurationName = Release;
		};
		2C26ED141D9227F2005EA2BD /* Build configuration list for PBXNativeTarget "LYCLocalization" */ = {
			isa = XCConfigurationList;
			buildConfigurations = (
				2C26ED151D9227F2005EA2BD /* Debug */,
				2C26ED161D9227F2005EA2BD /* Release */,
			);
			defaultConfigurationIsVisible = 0;
			defaultConfigurationName = Release;
		};
/* End XCConfigurationList section */
	};
	rootObject = 2C26ECFA1D9227F2005EA2BD /* Project object */;
}
